
Microsoft Visual Studio Solution File, Format Version 12.00
# Visual Studio Version 16
VisualStudioVersion = 16.0.31402.337
MinimumVisualStudioVersion = 10.0.40219.1
Project("{FAE04EC0-301F-11D3-BF4B-00C04F79EFBC}") = "Gui_QuanLY", "Lab7_QuanLyThanhVien\Gui_QuanLY.csproj", "{D488A5D2-42EA-4A58-A628-9F8293456F41}"
EndProject
Project("{FAE04EC0-301F-11D3-BF4B-00C04F79EFBC}") = "DTO_QuanLY", "DTO_QuanLY\DTO_QuanLY.csproj", "{E0228078-E3BA-44AE-9EFF-439DAA988C34}"
EndProject
Project("{FAE04EC0-301F-11D3-BF4B-00C04F79EFBC}") = "DAL_QuanLy", "DAL_QuanLy\DAL_QuanLy.csproj", "{7653D093-5071-4329-BB86-403BC784D7B2}"
EndProject
Project("{FAE04EC0-301F-11D3-BF4B-00C04F79EFBC}") = "BUS_QuanLy", "BUS_QuanLy\BUS_QuanLy.csproj", "{A3A71EDD-D1DA-444E-91D9-CE81A092670E}"
EndProject
Global
	GlobalSection(SolutionConfigurationPlatforms) = preSolution
		Debug|Any CPU = Debug|Any CPU
		Release|Any CPU = Release|Any CPU
	EndGlobalSection
	GlobalSection(ProjectConfigurationPlatforms) = postSolution
		{D488A5D2-42EA-4A58-A628-9F8293456F41}.Debug|Any CPU.ActiveCfg = Debug|Any CPU
		{D488A5D2-42EA-4A58-A628-9F8293456F41}.Debug|Any CPU.Build.0 = Debug|Any CPU
		{D488A5D2-42EA-4A58-A628-9F8293456F41}.Release|Any CPU.ActiveCfg = Release|Any CPU
		{D488A5D2-42EA-4A58-A628-9F8293456F41}.Release|Any CPU.Build.0 = Release|Any CPU
		{E0228078-E3BA-44AE-9EFF-439DAA988C34}.Debug|Any CPU.ActiveCfg = Debug|Any CPU
		{E0228078-E3BA-44AE-9EFF-439DAA988C34}.Debug|Any CPU.Build.0 = Debug|Any CPU
		{E0228078-E3BA-44AE-9EFF-439DAA988C34}.Release|Any CPU.ActiveCfg = Release|Any CPU
		{E0228078-E3BA-44AE-9EFF-439DAA988C34}.Release|Any CPU.Build.0 = Release|Any CPU
		{7653D093-5071-4329-BB86-403BC784D7B2}.Debug|Any CPU.ActiveCfg = Debug|Any CPU
		{7653D093-5071-4329-BB86-403BC784D7B2}.Debug|Any CPU.Build.0 = Debug|Any CPU
		{7653D093-5071-4329-BB86-403BC784D7B2}.Release|Any CPU.ActiveCfg = Release|Any CPU
		{7653D093-5071-4329-BB86-403BC784D7B2}.Release|Any CPU.Build.0 = Release|Any CPU
		{A3A71EDD-D1DA-444E-91D9-CE81A092670E}.Debug|Any CPU.ActiveCfg = Debug|Any CPU
		{A3A71EDD-D1DA-444E-91D9-CE81A092670E}.Debug|Any CPU.Build.0 = Debug|Any CPU
		{A3A71EDD-D1DA-444E-91D9-CE81A092670E}.Release|Any CPU.ActiveCfg = Release|Any CPU
		{A3A71EDD-D1DA-444E-91D9-CE81A092670E}.Release|Any CPU.Build.0 = Release|Any CPU
	EndGlobalSection
	GlobalSection(SolutionProperties) = preSolution
		HideSolutionNode = FALSE
	EndGlobalSection
	GlobalSection(ExtensibilityGlobals) = postSolution
		SolutionGuid = {3095DA6C-9FB7-4622-BCE9-DF8C4CDACA0E}
	EndGlobalSection
EndGlobal
