
Microsoft Visual Studio Solution File, Format Version 12.00
# Visual Studio Version 16
VisualStudioVersion = 16.0.31402.337
MinimumVisualStudioVersion = 10.0.40219.1
Project("{FAE04EC0-301F-11D3-BF4B-00C04F79EFBC}") = "bai1", "lab1\bai1.csproj", "{FFEC0016-E16E-4E04-A0FE-F3355A737BF6}"
EndProject
Project("{FAE04EC0-301F-11D3-BF4B-00C04F79EFBC}") = "Bai2", "Bai2\Bai2.csproj", "{1B3A8553-2875-4B5A-910D-74D92A2F6ED2}"
EndProject
Project("{FAE04EC0-301F-11D3-BF4B-00C04F79EFBC}") = "bai3", "bai3\bai3.csproj", "{F3A0F3FB-8A87-4D00-B6A4-F717A29A0B5E}"
EndProject
Global
	GlobalSection(SolutionConfigurationPlatforms) = preSolution
		Debug|Any CPU = Debug|Any CPU
		Release|Any CPU = Release|Any CPU
	EndGlobalSection
	GlobalSection(ProjectConfigurationPlatforms) = postSolution
		{FFEC0016-E16E-4E04-A0FE-F3355A737BF6}.Debug|Any CPU.ActiveCfg = Debug|Any CPU
		{FFEC0016-E16E-4E04-A0FE-F3355A737BF6}.Debug|Any CPU.Build.0 = Debug|Any CPU
		{FFEC0016-E16E-4E04-A0FE-F3355A737BF6}.Release|Any CPU.ActiveCfg = Release|Any CPU
		{FFEC0016-E16E-4E04-A0FE-F3355A737BF6}.Release|Any CPU.Build.0 = Release|Any CPU
		{1B3A8553-2875-4B5A-910D-74D92A2F6ED2}.Debug|Any CPU.ActiveCfg = Debug|Any CPU
		{1B3A8553-2875-4B5A-910D-74D92A2F6ED2}.Debug|Any CPU.Build.0 = Debug|Any CPU
		{1B3A8553-2875-4B5A-910D-74D92A2F6ED2}.Release|Any CPU.ActiveCfg = Release|Any CPU
		{1B3A8553-2875-4B5A-910D-74D92A2F6ED2}.Release|Any CPU.Build.0 = Release|Any CPU
		{F3A0F3FB-8A87-4D00-B6A4-F717A29A0B5E}.Debug|Any CPU.ActiveCfg = Debug|Any CPU
		{F3A0F3FB-8A87-4D00-B6A4-F717A29A0B5E}.Debug|Any CPU.Build.0 = Debug|Any CPU
		{F3A0F3FB-8A87-4D00-B6A4-F717A29A0B5E}.Release|Any CPU.ActiveCfg = Release|Any CPU
		{F3A0F3FB-8A87-4D00-B6A4-F717A29A0B5E}.Release|Any CPU.Build.0 = Release|Any CPU
	EndGlobalSection
	GlobalSection(SolutionProperties) = preSolution
		HideSolutionNode = FALSE
	EndGlobalSection
	GlobalSection(ExtensibilityGlobals) = postSolution
		SolutionGuid = {E65C8B43-7703-4CE2-9094-1FDC6E079125}
	EndGlobalSection
EndGlobal
