
Microsoft Visual Studio Solution File, Format Version 12.00
# Visual Studio Version 16
VisualStudioVersion = 16.0.31402.337
MinimumVisualStudioVersion = 10.0.40219.1
Project("{FAE04EC0-301F-11D3-BF4B-00C04F79EFBC}") = "Demo1", "lab4\Demo1.csproj", "{96B49AD7-B5A1-40CB-99E8-65ED67D2FB53}"
EndProject
Project("{FAE04EC0-301F-11D3-BF4B-00C04F79EFBC}") = "Demo2", "Demo2\Demo2.csproj", "{E3E8A79E-3FF9-49E3-B4E5-EA7984DDFF98}"
EndProject
Project("{FAE04EC0-301F-11D3-BF4B-00C04F79EFBC}") = "bai2", "bai2\bai2.csproj", "{44F93D4D-628D-4218-92BE-BDAC3D059C93}"
EndProject
Project("{FAE04EC0-301F-11D3-BF4B-00C04F79EFBC}") = "bai1", "bai1\bai1.csproj", "{B1B9A014-F7DE-4664-A2EC-FD1F5E9A588A}"
EndProject
Global
	GlobalSection(SolutionConfigurationPlatforms) = preSolution
		Debug|Any CPU = Debug|Any CPU
		Release|Any CPU = Release|Any CPU
	EndGlobalSection
	GlobalSection(ProjectConfigurationPlatforms) = postSolution
		{96B49AD7-B5A1-40CB-99E8-65ED67D2FB53}.Debug|Any CPU.ActiveCfg = Debug|Any CPU
		{96B49AD7-B5A1-40CB-99E8-65ED67D2FB53}.Debug|Any CPU.Build.0 = Debug|Any CPU
		{96B49AD7-B5A1-40CB-99E8-65ED67D2FB53}.Release|Any CPU.ActiveCfg = Release|Any CPU
		{96B49AD7-B5A1-40CB-99E8-65ED67D2FB53}.Release|Any CPU.Build.0 = Release|Any CPU
		{E3E8A79E-3FF9-49E3-B4E5-EA7984DDFF98}.Debug|Any CPU.ActiveCfg = Debug|Any CPU
		{E3E8A79E-3FF9-49E3-B4E5-EA7984DDFF98}.Debug|Any CPU.Build.0 = Debug|Any CPU
		{E3E8A79E-3FF9-49E3-B4E5-EA7984DDFF98}.Release|Any CPU.ActiveCfg = Release|Any CPU
		{E3E8A79E-3FF9-49E3-B4E5-EA7984DDFF98}.Release|Any CPU.Build.0 = Release|Any CPU
		{44F93D4D-628D-4218-92BE-BDAC3D059C93}.Debug|Any CPU.ActiveCfg = Debug|Any CPU
		{44F93D4D-628D-4218-92BE-BDAC3D059C93}.Debug|Any CPU.Build.0 = Debug|Any CPU
		{44F93D4D-628D-4218-92BE-BDAC3D059C93}.Release|Any CPU.ActiveCfg = Release|Any CPU
		{44F93D4D-628D-4218-92BE-BDAC3D059C93}.Release|Any CPU.Build.0 = Release|Any CPU
		{B1B9A014-F7DE-4664-A2EC-FD1F5E9A588A}.Debug|Any CPU.ActiveCfg = Debug|Any CPU
		{B1B9A014-F7DE-4664-A2EC-FD1F5E9A588A}.Debug|Any CPU.Build.0 = Debug|Any CPU
		{B1B9A014-F7DE-4664-A2EC-FD1F5E9A588A}.Release|Any CPU.ActiveCfg = Release|Any CPU
		{B1B9A014-F7DE-4664-A2EC-FD1F5E9A588A}.Release|Any CPU.Build.0 = Release|Any CPU
	EndGlobalSection
	GlobalSection(SolutionProperties) = preSolution
		HideSolutionNode = FALSE
	EndGlobalSection
	GlobalSection(ExtensibilityGlobals) = postSolution
		SolutionGuid = {DBBB0F04-5C2F-4CB1-9FF3-D8DD1A2F2F7A}
	EndGlobalSection
EndGlobal
