
Microsoft Visual Studio Solution File, Format Version 12.00
# Visual Studio Version 16
VisualStudioVersion = 16.0.31402.337
MinimumVisualStudioVersion = 10.0.40219.1
Project("{FAE04EC0-301F-11D3-BF4B-00C04F79EFBC}") = "Bai1", "_Bai1\Bai1.csproj", "{44F85E0F-88C3-4673-980D-D87F00158C83}"
EndProject
Project("{FAE04EC0-301F-11D3-BF4B-00C04F79EFBC}") = "Bai2", "Bai2\Bai2.csproj", "{C1EF376A-E93D-482B-9DE3-3146AFEFB449}"
EndProject
Project("{FAE04EC0-301F-11D3-BF4B-00C04F79EFBC}") = "Bai3", "Bai3\Bai3.csproj", "{D37B7FC0-EA42-46F8-883A-884797F9FC69}"
EndProject
Project("{FAE04EC0-301F-11D3-BF4B-00C04F79EFBC}") = "Bai4", "Bai4\Bai4.csproj", "{1A1A5656-AF57-4399-98AB-59ED80C4EA6F}"
EndProject
Project("{FAE04EC0-301F-11D3-BF4B-00C04F79EFBC}") = "Bai5", "Bai5\Bai5.csproj", "{C31EED77-4C52-466F-94B1-3800832AE8EC}"
EndProject
Global
	GlobalSection(SolutionConfigurationPlatforms) = preSolution
		Debug|Any CPU = Debug|Any CPU
		Release|Any CPU = Release|Any CPU
	EndGlobalSection
	GlobalSection(ProjectConfigurationPlatforms) = postSolution
		{44F85E0F-88C3-4673-980D-D87F00158C83}.Debug|Any CPU.ActiveCfg = Debug|Any CPU
		{44F85E0F-88C3-4673-980D-D87F00158C83}.Debug|Any CPU.Build.0 = Debug|Any CPU
		{44F85E0F-88C3-4673-980D-D87F00158C83}.Release|Any CPU.ActiveCfg = Release|Any CPU
		{44F85E0F-88C3-4673-980D-D87F00158C83}.Release|Any CPU.Build.0 = Release|Any CPU
		{C1EF376A-E93D-482B-9DE3-3146AFEFB449}.Debug|Any CPU.ActiveCfg = Debug|Any CPU
		{C1EF376A-E93D-482B-9DE3-3146AFEFB449}.Debug|Any CPU.Build.0 = Debug|Any CPU
		{C1EF376A-E93D-482B-9DE3-3146AFEFB449}.Release|Any CPU.ActiveCfg = Release|Any CPU
		{C1EF376A-E93D-482B-9DE3-3146AFEFB449}.Release|Any CPU.Build.0 = Release|Any CPU
		{D37B7FC0-EA42-46F8-883A-884797F9FC69}.Debug|Any CPU.ActiveCfg = Debug|Any CPU
		{D37B7FC0-EA42-46F8-883A-884797F9FC69}.Debug|Any CPU.Build.0 = Debug|Any CPU
		{D37B7FC0-EA42-46F8-883A-884797F9FC69}.Release|Any CPU.ActiveCfg = Release|Any CPU
		{D37B7FC0-EA42-46F8-883A-884797F9FC69}.Release|Any CPU.Build.0 = Release|Any CPU
		{1A1A5656-AF57-4399-98AB-59ED80C4EA6F}.Debug|Any CPU.ActiveCfg = Debug|Any CPU
		{1A1A5656-AF57-4399-98AB-59ED80C4EA6F}.Debug|Any CPU.Build.0 = Debug|Any CPU
		{1A1A5656-AF57-4399-98AB-59ED80C4EA6F}.Release|Any CPU.ActiveCfg = Release|Any CPU
		{1A1A5656-AF57-4399-98AB-59ED80C4EA6F}.Release|Any CPU.Build.0 = Release|Any CPU
		{C31EED77-4C52-466F-94B1-3800832AE8EC}.Debug|Any CPU.ActiveCfg = Debug|Any CPU
		{C31EED77-4C52-466F-94B1-3800832AE8EC}.Debug|Any CPU.Build.0 = Debug|Any CPU
		{C31EED77-4C52-466F-94B1-3800832AE8EC}.Release|Any CPU.ActiveCfg = Release|Any CPU
		{C31EED77-4C52-466F-94B1-3800832AE8EC}.Release|Any CPU.Build.0 = Release|Any CPU
	EndGlobalSection
	GlobalSection(SolutionProperties) = preSolution
		HideSolutionNode = FALSE
	EndGlobalSection
	GlobalSection(ExtensibilityGlobals) = postSolution
		SolutionGuid = {4B9CD2AB-AB19-488F-BC2F-7C974B1B4340}
	EndGlobalSection
EndGlobal
