
Microsoft Visual Studio Solution File, Format Version 12.00
# Visual Studio Version 16
VisualStudioVersion = 16.0.31402.337
MinimumVisualStudioVersion = 10.0.40219.1
Project("{FAE04EC0-301F-11D3-BF4B-00C04F79EFBC}") = "bai1", "lab3\bai1.csproj", "{BB41B43F-ACC3-49DA-9838-EA153ADA1138}"
EndProject
Project("{FAE04EC0-301F-11D3-BF4B-00C04F79EFBC}") = "bai2", "bai2\bai2.csproj", "{1B6D46D6-4A2B-4DD9-8D81-24C3FFC856D1}"
EndProject
Global
	GlobalSection(SolutionConfigurationPlatforms) = preSolution
		Debug|Any CPU = Debug|Any CPU
		Release|Any CPU = Release|Any CPU
	EndGlobalSection
	GlobalSection(ProjectConfigurationPlatforms) = postSolution
		{BB41B43F-ACC3-49DA-9838-EA153ADA1138}.Debug|Any CPU.ActiveCfg = Debug|Any CPU
		{BB41B43F-ACC3-49DA-9838-EA153ADA1138}.Debug|Any CPU.Build.0 = Debug|Any CPU
		{BB41B43F-ACC3-49DA-9838-EA153ADA1138}.Release|Any CPU.ActiveCfg = Release|Any CPU
		{BB41B43F-ACC3-49DA-9838-EA153ADA1138}.Release|Any CPU.Build.0 = Release|Any CPU
		{1B6D46D6-4A2B-4DD9-8D81-24C3FFC856D1}.Debug|Any CPU.ActiveCfg = Debug|Any CPU
		{1B6D46D6-4A2B-4DD9-8D81-24C3FFC856D1}.Debug|Any CPU.Build.0 = Debug|Any CPU
		{1B6D46D6-4A2B-4DD9-8D81-24C3FFC856D1}.Release|Any CPU.ActiveCfg = Release|Any CPU
		{1B6D46D6-4A2B-4DD9-8D81-24C3FFC856D1}.Release|Any CPU.Build.0 = Release|Any CPU
	EndGlobalSection
	GlobalSection(SolutionProperties) = preSolution
		HideSolutionNode = FALSE
	EndGlobalSection
	GlobalSection(ExtensibilityGlobals) = postSolution
		SolutionGuid = {F1192F1F-0039-447D-B0D3-FB911D9F8468}
	EndGlobalSection
EndGlobal
